
Microsoft Visual Studio Solution File, Format Version 12.00
# Visual Studio 15
VisualStudioVersion = 15.0.28307.572
MinimumVisualStudioVersion = 10.0.40219.1
Project("{FAE04EC0-301F-11D3-BF4B-00C04F79EFBC}") = "WindowsFormsApp1", "WindowsFormsApp1\WindowsFormsApp1.csproj", "{EA1FD088-E8DE-48FC-8768-E4AE9B2AD0FF}"
EndProject
Global
	GlobalSection(SolutionConfigurationPlatforms) = preSolution
		Debug|Any CPU = Debug|Any CPU
		Release|Any CPU = Release|Any CPU
	EndGlobalSection
	GlobalSection(ProjectConfigurationPlatforms) = postSolution
		{EA1FD088-E8DE-48FC-8768-E4AE9B2AD0FF}.Debug|Any CPU.ActiveCfg = Debug|Any CPU
		{EA1FD088-E8DE-48FC-8768-E4AE9B2AD0FF}.Debug|Any CPU.Build.0 = Debug|Any CPU
		{EA1FD088-E8DE-48FC-8768-E4AE9B2AD0FF}.Release|Any CPU.ActiveCfg = Release|Any CPU
		{EA1FD088-E8DE-48FC-8768-E4AE9B2AD0FF}.Release|Any CPU.Build.0 = Release|Any CPU
	EndGlobalSection
	GlobalSection(SolutionProperties) = preSolution
		HideSolutionNode = FALSE
	EndGlobalSection
	GlobalSection(ExtensibilityGlobals) = postSolution
		SolutionGuid = {2A04211C-7878-4338-9246-85EBF936B3F0}
	EndGlobalSection
EndGlobal
